
Microsoft Visual Studio Solution File, Format Version 12.00
# Visual Studio Version 17
VisualStudioVersion = 17.0.31903.59
MinimumVisualStudioVersion = 10.0.40219.1
Project("{2150E333-8FDC-42A3-9474-1A3956D46DE8}") = "src", "src", "{0BBB7355-04E1-431D-ABC8-006F9D88A004}"
EndProject
Project("{FAE04EC0-301F-11D3-BF4B-00C04F79EFBC}") = "LoanApp", "src\LoanApp\LoanApp.csproj", "{A1C204C0-3CB5-4141-91B3-45EAC114214B}"
EndProject
Project("{2150E333-8FDC-42A3-9474-1A3956D46DE8}") = "tests", "tests", "{C746AD79-494F-4A75-AE6C-23AC43C046B0}"
EndProject
Project("{FAE04EC0-301F-11D3-BF4B-00C04F79EFBC}") = "LoanApp.Tests", "tests\LoanApp.Tests\LoanApp.Tests.csproj", "{41BB2214-96BA-43E5-AEE8-8FCF0ACF4ED2}"
EndProject
Global
	GlobalSection(SolutionConfigurationPlatforms) = preSolution
		Debug|Any CPU = Debug|Any CPU
		Release|Any CPU = Release|Any CPU
	EndGlobalSection
	GlobalSection(SolutionProperties) = preSolution
		HideSolutionNode = FALSE
	EndGlobalSection
	GlobalSection(ProjectConfigurationPlatforms) = postSolution
		{A1C204C0-3CB5-4141-91B3-45EAC114214B}.Debug|Any CPU.ActiveCfg = Debug|Any CPU
		{A1C204C0-3CB5-4141-91B3-45EAC114214B}.Debug|Any CPU.Build.0 = Debug|Any CPU
		{A1C204C0-3CB5-4141-91B3-45EAC114214B}.Release|Any CPU.ActiveCfg = Release|Any CPU
		{A1C204C0-3CB5-4141-91B3-45EAC114214B}.Release|Any CPU.Build.0 = Release|Any CPU
		{41BB2214-96BA-43E5-AEE8-8FCF0ACF4ED2}.Debug|Any CPU.ActiveCfg = Debug|Any CPU
		{41BB2214-96BA-43E5-AEE8-8FCF0ACF4ED2}.Debug|Any CPU.Build.0 = Debug|Any CPU
		{41BB2214-96BA-43E5-AEE8-8FCF0ACF4ED2}.Release|Any CPU.ActiveCfg = Release|Any CPU
		{41BB2214-96BA-43E5-AEE8-8FCF0ACF4ED2}.Release|Any CPU.Build.0 = Release|Any CPU
	EndGlobalSection
	GlobalSection(NestedProjects) = preSolution
		{A1C204C0-3CB5-4141-91B3-45EAC114214B} = {0BBB7355-04E1-431D-ABC8-006F9D88A004}
		{41BB2214-96BA-43E5-AEE8-8FCF0ACF4ED2} = {C746AD79-494F-4A75-AE6C-23AC43C046B0}
	EndGlobalSection
EndGlobal
