
Microsoft Visual Studio Solution File, Format Version 12.00
# Visual Studio Version 17
VisualStudioVersion = 17.0.31903.59
MinimumVisualStudioVersion = 10.0.40219.1
Project("{2150E333-8FDC-42A3-9474-1A3956D46DE8}") = "src", "src", "{BD77EBE4-ECB4-4E4A-BD5D-DA5BAF9B17ED}"
EndProject
Project("{FAE04EC0-301F-11D3-BF4B-00C04F79EFBC}") = "MorpionApp", "src\MorpionApp\MorpionApp.csproj", "{6BE1C834-88CE-46B6-ABBF-FB6302F775F0}"
EndProject
Project("{2150E333-8FDC-42A3-9474-1A3956D46DE8}") = "tests", "tests", "{1FE3DC9A-BBAD-4C01-915E-B14ECCDD4FB2}"
EndProject
Project("{FAE04EC0-301F-11D3-BF4B-00C04F79EFBC}") = "MorpionApp.Tests", "tests\MorpionApp.Tests\MorpionApp.Tests.csproj", "{E8CA52A4-4A39-4F05-8BF7-02FDED00D624}"
EndProject
Global
	GlobalSection(SolutionConfigurationPlatforms) = preSolution
		Debug|Any CPU = Debug|Any CPU
		Release|Any CPU = Release|Any CPU
	EndGlobalSection
	GlobalSection(SolutionProperties) = preSolution
		HideSolutionNode = FALSE
	EndGlobalSection
	GlobalSection(ProjectConfigurationPlatforms) = postSolution
		{6BE1C834-88CE-46B6-ABBF-FB6302F775F0}.Debug|Any CPU.ActiveCfg = Debug|Any CPU
		{6BE1C834-88CE-46B6-ABBF-FB6302F775F0}.Debug|Any CPU.Build.0 = Debug|Any CPU
		{6BE1C834-88CE-46B6-ABBF-FB6302F775F0}.Release|Any CPU.ActiveCfg = Release|Any CPU
		{6BE1C834-88CE-46B6-ABBF-FB6302F775F0}.Release|Any CPU.Build.0 = Release|Any CPU
		{E8CA52A4-4A39-4F05-8BF7-02FDED00D624}.Debug|Any CPU.ActiveCfg = Debug|Any CPU
		{E8CA52A4-4A39-4F05-8BF7-02FDED00D624}.Debug|Any CPU.Build.0 = Debug|Any CPU
		{E8CA52A4-4A39-4F05-8BF7-02FDED00D624}.Release|Any CPU.ActiveCfg = Release|Any CPU
		{E8CA52A4-4A39-4F05-8BF7-02FDED00D624}.Release|Any CPU.Build.0 = Release|Any CPU
	EndGlobalSection
	GlobalSection(NestedProjects) = preSolution
		{6BE1C834-88CE-46B6-ABBF-FB6302F775F0} = {BD77EBE4-ECB4-4E4A-BD5D-DA5BAF9B17ED}
		{E8CA52A4-4A39-4F05-8BF7-02FDED00D624} = {1FE3DC9A-BBAD-4C01-915E-B14ECCDD4FB2}
	EndGlobalSection
EndGlobal
